
Microsoft Visual Studio Solution File, Format Version 12.00
# Visual Studio Version 16
VisualStudioVersion = 16.0.32228.343
MinimumVisualStudioVersion = 10.0.40219.1
Project("{FAE04EC0-301F-11D3-BF4B-00C04F79EFBC}") = "Task2", "Task2.csproj", "{EF8D0D1C-E111-4A5C-89D4-25EC1E07478E}"
EndProject
Global
	GlobalSection(SolutionConfigurationPlatforms) = preSolution
		Debug|Any CPU = Debug|Any CPU
		Release|Any CPU = Release|Any CPU
	EndGlobalSection
	GlobalSection(ProjectConfigurationPlatforms) = postSolution
		{EF8D0D1C-E111-4A5C-89D4-25EC1E07478E}.Debug|Any CPU.ActiveCfg = Debug|Any CPU
		{EF8D0D1C-E111-4A5C-89D4-25EC1E07478E}.Debug|Any CPU.Build.0 = Debug|Any CPU
		{EF8D0D1C-E111-4A5C-89D4-25EC1E07478E}.Release|Any CPU.ActiveCfg = Release|Any CPU
		{EF8D0D1C-E111-4A5C-89D4-25EC1E07478E}.Release|Any CPU.Build.0 = Release|Any CPU
	EndGlobalSection
	GlobalSection(SolutionProperties) = preSolution
		HideSolutionNode = FALSE
	EndGlobalSection
	GlobalSection(ExtensibilityGlobals) = postSolution
		SolutionGuid = {5BB90B55-6CFB-41C7-A855-8E6178FA193A}
	EndGlobalSection
EndGlobal
