
Microsoft Visual Studio Solution File, Format Version 12.00
# Visual Studio Version 16
VisualStudioVersion = 16.0.32228.343
MinimumVisualStudioVersion = 10.0.40219.1
Project("{FAE04EC0-301F-11D3-BF4B-00C04F79EFBC}") = "Challenge1", "Challenge1.csproj", "{BA55B6F1-3BA5-458F-B9D6-A24D596DB6CC}"
EndProject
Global
	GlobalSection(SolutionConfigurationPlatforms) = preSolution
		Debug|Any CPU = Debug|Any CPU
		Release|Any CPU = Release|Any CPU
	EndGlobalSection
	GlobalSection(ProjectConfigurationPlatforms) = postSolution
		{BA55B6F1-3BA5-458F-B9D6-A24D596DB6CC}.Debug|Any CPU.ActiveCfg = Debug|Any CPU
		{BA55B6F1-3BA5-458F-B9D6-A24D596DB6CC}.Debug|Any CPU.Build.0 = Debug|Any CPU
		{BA55B6F1-3BA5-458F-B9D6-A24D596DB6CC}.Release|Any CPU.ActiveCfg = Release|Any CPU
		{BA55B6F1-3BA5-458F-B9D6-A24D596DB6CC}.Release|Any CPU.Build.0 = Release|Any CPU
	EndGlobalSection
	GlobalSection(SolutionProperties) = preSolution
		HideSolutionNode = FALSE
	EndGlobalSection
	GlobalSection(ExtensibilityGlobals) = postSolution
		SolutionGuid = {D565811C-9A4D-4D11-961C-C08D1417B507}
	EndGlobalSection
EndGlobal
