
Microsoft Visual Studio Solution File, Format Version 12.00
# Visual Studio Version 16
VisualStudioVersion = 16.0.32228.343
MinimumVisualStudioVersion = 10.0.40219.1
Project("{FAE04EC0-301F-11D3-BF4B-00C04F79EFBC}") = "Task2", "Task2.csproj", "{1423A392-B1E6-4EFA-B3B4-F000F79906DB}"
EndProject
Global
	GlobalSection(SolutionConfigurationPlatforms) = preSolution
		Debug|Any CPU = Debug|Any CPU
		Release|Any CPU = Release|Any CPU
	EndGlobalSection
	GlobalSection(ProjectConfigurationPlatforms) = postSolution
		{1423A392-B1E6-4EFA-B3B4-F000F79906DB}.Debug|Any CPU.ActiveCfg = Debug|Any CPU
		{1423A392-B1E6-4EFA-B3B4-F000F79906DB}.Debug|Any CPU.Build.0 = Debug|Any CPU
		{1423A392-B1E6-4EFA-B3B4-F000F79906DB}.Release|Any CPU.ActiveCfg = Release|Any CPU
		{1423A392-B1E6-4EFA-B3B4-F000F79906DB}.Release|Any CPU.Build.0 = Release|Any CPU
	EndGlobalSection
	GlobalSection(SolutionProperties) = preSolution
		HideSolutionNode = FALSE
	EndGlobalSection
	GlobalSection(ExtensibilityGlobals) = postSolution
		SolutionGuid = {D2659E98-C123-4A79-A032-A53F6A3F632C}
	EndGlobalSection
EndGlobal
