
Microsoft Visual Studio Solution File, Format Version 12.00
# Visual Studio Version 16
VisualStudioVersion = 16.0.32228.343
MinimumVisualStudioVersion = 10.0.40219.1
Project("{FAE04EC0-301F-11D3-BF4B-00C04F79EFBC}") = "Task1", "Task1.csproj", "{96D0AE3D-826B-415F-BF5B-96C53CB9C618}"
EndProject
Global
	GlobalSection(SolutionConfigurationPlatforms) = preSolution
		Debug|Any CPU = Debug|Any CPU
		Release|Any CPU = Release|Any CPU
	EndGlobalSection
	GlobalSection(ProjectConfigurationPlatforms) = postSolution
		{96D0AE3D-826B-415F-BF5B-96C53CB9C618}.Debug|Any CPU.ActiveCfg = Debug|Any CPU
		{96D0AE3D-826B-415F-BF5B-96C53CB9C618}.Debug|Any CPU.Build.0 = Debug|Any CPU
		{96D0AE3D-826B-415F-BF5B-96C53CB9C618}.Release|Any CPU.ActiveCfg = Release|Any CPU
		{96D0AE3D-826B-415F-BF5B-96C53CB9C618}.Release|Any CPU.Build.0 = Release|Any CPU
	EndGlobalSection
	GlobalSection(SolutionProperties) = preSolution
		HideSolutionNode = FALSE
	EndGlobalSection
	GlobalSection(ExtensibilityGlobals) = postSolution
		SolutionGuid = {1FACCCFB-9425-4E42-A66A-5B9F31A20CAF}
	EndGlobalSection
EndGlobal
