
Microsoft Visual Studio Solution File, Format Version 12.00
# Visual Studio Version 16
VisualStudioVersion = 16.0.32228.343
MinimumVisualStudioVersion = 10.0.40219.1
Project("{FAE04EC0-301F-11D3-BF4B-00C04F79EFBC}") = "Point and Line", "Point and Line.csproj", "{FE7887A6-32B3-40AB-83BB-FE847CC265E8}"
EndProject
Global
	GlobalSection(SolutionConfigurationPlatforms) = preSolution
		Debug|Any CPU = Debug|Any CPU
		Release|Any CPU = Release|Any CPU
	EndGlobalSection
	GlobalSection(ProjectConfigurationPlatforms) = postSolution
		{FE7887A6-32B3-40AB-83BB-FE847CC265E8}.Debug|Any CPU.ActiveCfg = Debug|Any CPU
		{FE7887A6-32B3-40AB-83BB-FE847CC265E8}.Debug|Any CPU.Build.0 = Debug|Any CPU
		{FE7887A6-32B3-40AB-83BB-FE847CC265E8}.Release|Any CPU.ActiveCfg = Release|Any CPU
		{FE7887A6-32B3-40AB-83BB-FE847CC265E8}.Release|Any CPU.Build.0 = Release|Any CPU
	EndGlobalSection
	GlobalSection(SolutionProperties) = preSolution
		HideSolutionNode = FALSE
	EndGlobalSection
	GlobalSection(ExtensibilityGlobals) = postSolution
		SolutionGuid = {6FA2CE34-4286-4C64-9750-59374DF9D5CC}
	EndGlobalSection
EndGlobal
